{
  "name": "ht-vue-webpack",
  "version": "1.0.0",
  "lockfileVersion": 3,
  "requires": true,
  "packages": {
    "": {
      "name": "ht-vue-webpack",
      "version": "1.0.0",
      "license": "MIT",
      "workspaces": [
        "play",
        "plugin"
      ]
    },
    "node_modules/@ht-vue-webpack/play": {
      "resolved": "play",
      "link": true
    },
    "node_modules/@ht-vue-webpack/plugin": {
      "resolved": "plugin",
      "link": true
    },
    "play": {
      "version": "1.0.0",
      "license": "MIT"
    },
    "plugin": {
      "version": "1.0.0",
      "license": "MIT"
    }
  }
}
